
Microsoft Visual Studio Solution File, Format Version 12.00
# Visual Studio 15
VisualStudioVersion = 15.0.27703.2026
MinimumVisualStudioVersion = 10.0.40219.1
Project("{8BC9CEB8-8B4A-11D0-8D11-00A0C91BC942}") = "AMGFramework", "AMGFramework\AMGFramework.vcxproj", "{C56D4022-7E97-4EDA-8459-80C2ECAEE691}"
EndProject
Global
	GlobalSection(SolutionConfigurationPlatforms) = preSolution
		Debug|x64 = Debug|x64
		Debug|x86 = Debug|x86
		Release|x64 = Release|x64
		Release|x86 = Release|x86
	EndGlobalSection
	GlobalSection(ProjectConfigurationPlatforms) = postSolution
		{C56D4022-7E97-4EDA-8459-80C2ECAEE691}.Debug|x64.ActiveCfg = Debug|x64
		{C56D4022-7E97-4EDA-8459-80C2ECAEE691}.Debug|x64.Build.0 = Debug|x64
		{C56D4022-7E97-4EDA-8459-80C2ECAEE691}.Debug|x86.ActiveCfg = Debug|Win32
		{C56D4022-7E97-4EDA-8459-80C2ECAEE691}.Debug|x86.Build.0 = Debug|Win32
		{C56D4022-7E97-4EDA-8459-80C2ECAEE691}.Release|x64.ActiveCfg = Release|x64
		{C56D4022-7E97-4EDA-8459-80C2ECAEE691}.Release|x64.Build.0 = Release|x64
		{C56D4022-7E97-4EDA-8459-80C2ECAEE691}.Release|x86.ActiveCfg = Release|Win32
		{C56D4022-7E97-4EDA-8459-80C2ECAEE691}.Release|x86.Build.0 = Release|Win32
	EndGlobalSection
	GlobalSection(SolutionProperties) = preSolution
		HideSolutionNode = FALSE
	EndGlobalSection
	GlobalSection(ExtensibilityGlobals) = postSolution
		SolutionGuid = {7D705088-FE22-4270-87C4-5AD26CDF4D15}
	EndGlobalSection
EndGlobal
